// !$*UTF8*$!
{
	archiveVersion = 1;
	classes = {
	};
	objectVersion = 55;
	objects = {

/* Begin PBXBuildFile section */
		B5B98D86290C226B0090AC35 /* AppDelegate.swift in Sources */ = {isa = PBXBuildFile; fileRef = B5B98D85290C226B0090AC35 /* AppDelegate.swift */; };
		B5B98D88290C226B0090AC35 /* SceneDelegate.swift in Sources */ = {isa = PBXBuildFile; fileRef = B5B98D87290C226B0090AC35 /* SceneDelegate.swift */; };
		B5B98D8F290C226C0090AC35 /* Assets.xcassets in Resources */ = {isa = PBXBuildFile; fileRef = B5B98D8E290C226C0090AC35 /* Assets.xcassets */; };
		B5B98D92290C226C0090AC35 /* LaunchScreen.storyboard in Resources */ = {isa = PBXBuildFile; fileRef = B5B98D90290C226C0090AC35 /* LaunchScreen.storyboard */; };
		B5B98D9B290C24090090AC35 /* MainTabBarViewController.swift in Sources */ = {isa = PBXBuildFile; fileRef = B5B98D9A290C24090090AC35 /* MainTabBarViewController.swift */; };
		B5B98D9D290C24AE0090AC35 /* RecipeViewController.swift in Sources */ = {isa = PBXBuildFile; fileRef = B5B98D9C290C24AE0090AC35 /* RecipeViewController.swift */; };
		B5B98D9F290C24BA0090AC35 /* PromoViewController.swift in Sources */ = {isa = PBXBuildFile; fileRef = B5B98D9E290C24BA0090AC35 /* PromoViewController.swift */; };
		B5B98DA1290C24C40090AC35 /* HomeViewController.swift in Sources */ = {isa = PBXBuildFile; fileRef = B5B98DA0290C24C40090AC35 /* HomeViewController.swift */; };
		B5B98DA3290C24CB0090AC35 /* CartViewController.swift in Sources */ = {isa = PBXBuildFile; fileRef = B5B98DA2290C24CB0090AC35 /* CartViewController.swift */; };
		B5B98DA5290C24D20090AC35 /* ProfileViewController.swift in Sources */ = {isa = PBXBuildFile; fileRef = B5B98DA4290C24D20090AC35 /* ProfileViewController.swift */; };
		B5B98DA8290C37030090AC35 /* ProductCollectionViewCell.swift in Sources */ = {isa = PBXBuildFile; fileRef = B5B98DA7290C37030090AC35 /* ProductCollectionViewCell.swift */; };
/* End PBXBuildFile section */

/* Begin PBXFileReference section */
		B5B98D82290C226B0090AC35 /* DedaPizza.app */ = {isa = PBXFileReference; explicitFileType = wrapper.application; includeInIndex = 0; path = DedaPizza.app; sourceTree = BUILT_PRODUCTS_DIR; };
		B5B98D85290C226B0090AC35 /* AppDelegate.swift */ = {isa = PBXFileReference; lastKnownFileType = sourcecode.swift; path = AppDelegate.swift; sourceTree = "<group>"; };
		B5B98D87290C226B0090AC35 /* SceneDelegate.swift */ = {isa = PBXFileReference; lastKnownFileType = sourcecode.swift; path = SceneDelegate.swift; sourceTree = "<group>"; };
		B5B98D8E290C226C0090AC35 /* Assets.xcassets */ = {isa = PBXFileReference; lastKnownFileType = folder.assetcatalog; path = Assets.xcassets; sourceTree = "<group>"; };
		B5B98D91290C226C0090AC35 /* Base */ = {isa = PBXFileReference; lastKnownFileType = file.storyboard; name = Base; path = Base.lproj/LaunchScreen.storyboard; sourceTree = "<group>"; };
		B5B98D93290C226C0090AC35 /* Info.plist */ = {isa = PBXFileReference; lastKnownFileType = text.plist.xml; path = Info.plist; sourceTree = "<group>"; };
		B5B98D9A290C24090090AC35 /* MainTabBarViewController.swift */ = {isa = PBXFileReference; lastKnownFileType = sourcecode.swift; path = MainTabBarViewController.swift; sourceTree = "<group>"; };
		B5B98D9C290C24AE0090AC35 /* RecipeViewController.swift */ = {isa = PBXFileReference; lastKnownFileType = sourcecode.swift; path = RecipeViewController.swift; sourceTree = "<group>"; };
		B5B98D9E290C24BA0090AC35 /* PromoViewController.swift */ = {isa = PBXFileReference; lastKnownFileType = sourcecode.swift; path = PromoViewController.swift; sourceTree = "<group>"; };
		B5B98DA0290C24C40090AC35 /* HomeViewController.swift */ = {isa = PBXFileReference; lastKnownFileType = sourcecode.swift; path = HomeViewController.swift; sourceTree = "<group>"; };
		B5B98DA2290C24CB0090AC35 /* CartViewController.swift */ = {isa = PBXFileReference; lastKnownFileType = sourcecode.swift; path = CartViewController.swift; sourceTree = "<group>"; };
		B5B98DA4290C24D20090AC35 /* ProfileViewController.swift */ = {isa = PBXFileReference; lastKnownFileType = sourcecode.swift; path = ProfileViewController.swift; sourceTree = "<group>"; };
		B5B98DA7290C37030090AC35 /* ProductCollectionViewCell.swift */ = {isa = PBXFileReference; lastKnownFileType = sourcecode.swift; path = ProductCollectionViewCell.swift; sourceTree = "<group>"; };
/* End PBXFileReference section */

/* Begin PBXFrameworksBuildPhase section */
		B5B98D7F290C226B0090AC35 /* Frameworks */ = {
			isa = PBXFrameworksBuildPhase;
			buildActionMask = 2147483647;
			files = (
			);
			runOnlyForDeploymentPostprocessing = 0;
		};
/* End PBXFrameworksBuildPhase section */

/* Begin PBXGroup section */
		B5B60A2B290E4B5700852368 /* Resoureses */ = {
			isa = PBXGroup;
			children = (
				B5B98D8E290C226C0090AC35 /* Assets.xcassets */,
			);
			path = Resoureses;
			sourceTree = "<group>";
		};
		B5B98D79290C226B0090AC35 = {
			isa = PBXGroup;
			children = (
				B5B98D84290C226B0090AC35 /* DedaPizza */,
				B5B98D83290C226B0090AC35 /* Products */,
			);
			sourceTree = "<group>";
		};
		B5B98D83290C226B0090AC35 /* Products */ = {
			isa = PBXGroup;
			children = (
				B5B98D82290C226B0090AC35 /* DedaPizza.app */,
			);
			name = Products;
			sourceTree = "<group>";
		};
		B5B98D84290C226B0090AC35 /* DedaPizza */ = {
			isa = PBXGroup;
			children = (
				B5B98D85290C226B0090AC35 /* AppDelegate.swift */,
				B5B98D87290C226B0090AC35 /* SceneDelegate.swift */,
				B5B98D90290C226C0090AC35 /* LaunchScreen.storyboard */,
				B5B98DA9290C37080090AC35 /* Cells */,
				B5B98D99290C23D30090AC35 /* Controllers */,
				B5B60A2B290E4B5700852368 /* Resoureses */,
				B5B98D93290C226C0090AC35 /* Info.plist */,
			);
			path = DedaPizza;
			sourceTree = "<group>";
		};
		B5B98D99290C23D30090AC35 /* Controllers */ = {
			isa = PBXGroup;
			children = (
				B5B98D9A290C24090090AC35 /* MainTabBarViewController.swift */,
				B5B98DA6290C24E40090AC35 /* Main */,
			);
			path = Controllers;
			sourceTree = "<group>";
		};
		B5B98DA6290C24E40090AC35 /* Main */ = {
			isa = PBXGroup;
			children = (
				B5B98D9C290C24AE0090AC35 /* RecipeViewController.swift */,
				B5B98D9E290C24BA0090AC35 /* PromoViewController.swift */,
				B5B98DA0290C24C40090AC35 /* HomeViewController.swift */,
				B5B98DA2290C24CB0090AC35 /* CartViewController.swift */,
				B5B98DA4290C24D20090AC35 /* ProfileViewController.swift */,
			);
			path = Main;
			sourceTree = "<group>";
		};
		B5B98DA9290C37080090AC35 /* Cells */ = {
			isa = PBXGroup;
			children = (
				B5B98DA7290C37030090AC35 /* ProductCollectionViewCell.swift */,
			);
			path = Cells;
			sourceTree = "<group>";
		};
/* End PBXGroup section */

/* Begin PBXNativeTarget section */
		B5B98D81290C226B0090AC35 /* DedaPizza */ = {
			isa = PBXNativeTarget;
			buildConfigurationList = B5B98D96290C226C0090AC35 /* Build configuration list for PBXNativeTarget "DedaPizza" */;
			buildPhases = (
				B5B98D7E290C226B0090AC35 /* Sources */,
				B5B98D7F290C226B0090AC35 /* Frameworks */,
				B5B98D80290C226B0090AC35 /* Resources */,
			);
			buildRules = (
			);
			dependencies = (
			);
			name = DedaPizza;
			productName = DedaPizza;
			productReference = B5B98D82290C226B0090AC35 /* DedaPizza.app */;
			productType = "com.apple.product-type.application";
		};
/* End PBXNativeTarget section */

/* Begin PBXProject section */
		B5B98D7A290C226B0090AC35 /* Project object */ = {
			isa = PBXProject;
			attributes = {
				BuildIndependentTargetsInParallel = 1;
				LastSwiftUpdateCheck = 1330;
				LastUpgradeCheck = 1330;
				TargetAttributes = {
					B5B98D81290C226B0090AC35 = {
						CreatedOnToolsVersion = 13.3;
					};
				};
			};
			buildConfigurationList = B5B98D7D290C226B0090AC35 /* Build configuration list for PBXProject "DedaPizza" */;
			compatibilityVersion = "Xcode 13.0";
			developmentRegion = en;
			hasScannedForEncodings = 0;
			knownRegions = (
				en,
				Base,
			);
			mainGroup = B5B98D79290C226B0090AC35;
			productRefGroup = B5B98D83290C226B0090AC35 /* Products */;
			projectDirPath = "";
			projectRoot = "";
			targets = (
				B5B98D81290C226B0090AC35 /* DedaPizza */,
			);
		};
/* End PBXProject section */

/* Begin PBXResourcesBuildPhase section */
		B5B98D80290C226B0090AC35 /* Resources */ = {
			isa = PBXResourcesBuildPhase;
			buildActionMask = 2147483647;
			files = (
				B5B98D92290C226C0090AC35 /* LaunchScreen.storyboard in Resources */,
				B5B98D8F290C226C0090AC35 /* Assets.xcassets in Resources */,
			);
			runOnlyForDeploymentPostprocessing = 0;
		};
/* End PBXResourcesBuildPhase section */

/* Begin PBXSourcesBuildPhase section */
		B5B98D7E290C226B0090AC35 /* Sources */ = {
			isa = PBXSourcesBuildPhase;
			buildActionMask = 2147483647;
			files = (
				B5B98D9B290C24090090AC35 /* MainTabBarViewController.swift in Sources */,
				B5B98D9F290C24BA0090AC35 /* PromoViewController.swift in Sources */,
				B5B98D86290C226B0090AC35 /* AppDelegate.swift in Sources */,
				B5B98DA3290C24CB0090AC35 /* CartViewController.swift in Sources */,
				B5B98D88290C226B0090AC35 /* SceneDelegate.swift in Sources */,
				B5B98DA5290C24D20090AC35 /* ProfileViewController.swift in Sources */,
				B5B98DA1290C24C40090AC35 /* HomeViewController.swift in Sources */,
				B5B98DA8290C37030090AC35 /* ProductCollectionViewCell.swift in Sources */,
				B5B98D9D290C24AE0090AC35 /* RecipeViewController.swift in Sources */,
			);
			runOnlyForDeploymentPostprocessing = 0;
		};
/* End PBXSourcesBuildPhase section */

/* Begin PBXVariantGroup section */
		B5B98D90290C226C0090AC35 /* LaunchScreen.storyboard */ = {
			isa = PBXVariantGroup;
			children = (
				B5B98D91290C226C0090AC35 /* Base */,
			);
			name = LaunchScreen.storyboard;
			sourceTree = "<group>";
		};
/* End PBXVariantGroup section */

/* Begin XCBuildConfiguration section */
		B5B98D94290C226C0090AC35 /* Debug */ = {
			isa = XCBuildConfiguration;
			buildSettings = {
				ALWAYS_SEARCH_USER_PATHS = NO;
				CLANG_ANALYZER_NONNULL = YES;
				CLANG_ANALYZER_NUMBER_OBJECT_CONVERSION = YES_AGGRESSIVE;
				CLANG_CXX_LANGUAGE_STANDARD = "gnu++17";
				CLANG_ENABLE_MODULES = YES;
				CLANG_ENABLE_OBJC_ARC = YES;
				CLANG_ENABLE_OBJC_WEAK = YES;
				CLANG_WARN_BLOCK_CAPTURE_AUTORELEASING = YES;
				CLANG_WARN_BOOL_CONVERSION = YES;
				CLANG_WARN_COMMA = YES;
				CLANG_WARN_CONSTANT_CONVERSION = YES;
				CLANG_WARN_DEPRECATED_OBJC_IMPLEMENTATIONS = YES;
				CLANG_WARN_DIRECT_OBJC_ISA_USAGE = YES_ERROR;
				CLANG_WARN_DOCUMENTATION_COMMENTS = YES;
				CLANG_WARN_EMPTY_BODY = YES;
				CLANG_WARN_ENUM_CONVERSION = YES;
				CLANG_WARN_INFINITE_RECURSION = YES;
				CLANG_WARN_INT_CONVERSION = YES;
				CLANG_WARN_NON_LITERAL_NULL_CONVERSION = YES;
				CLANG_WARN_OBJC_IMPLICIT_RETAIN_SELF = YES;
				CLANG_WARN_OBJC_LITERAL_CONVERSION = YES;
				CLANG_WARN_OBJC_ROOT_CLASS = YES_ERROR;
				CLANG_WARN_QUOTED_INCLUDE_IN_FRAMEWORK_HEADER = YES;
				CLANG_WARN_RANGE_LOOP_ANALYSIS = YES;
				CLANG_WARN_STRICT_PROTOTYPES = YES;
				CLANG_WARN_SUSPICIOUS_MOVE = YES;
				CLANG_WARN_UNGUARDED_AVAILABILITY = YES_AGGRESSIVE;
				CLANG_WARN_UNREACHABLE_CODE = YES;
				CLANG_WARN__DUPLICATE_METHOD_MATCH = YES;
				COPY_PHASE_STRIP = NO;
				DEBUG_INFORMATION_FORMAT = dwarf;
				ENABLE_STRICT_OBJC_MSGSEND = YES;
				ENABLE_TESTABILITY = YES;
				GCC_C_LANGUAGE_STANDARD = gnu11;
				GCC_DYNAMIC_NO_PIC = NO;
				GCC_NO_COMMON_BLOCKS = YES;
				GCC_OPTIMIZATION_LEVEL = 0;
				GCC_PREPROCESSOR_DEFINITIONS = (
					"DEBUG=1",
					"$(inherited)",
				);
				GCC_WARN_64_TO_32_BIT_CONVERSION = YES;
				GCC_WARN_ABOUT_RETURN_TYPE = YES_ERROR;
				GCC_WARN_UNDECLARED_SELECTOR = YES;
				GCC_WARN_UNINITIALIZED_AUTOS = YES_AGGRESSIVE;
				GCC_WARN_UNUSED_FUNCTION = YES;
				GCC_WARN_UNUSED_VARIABLE = YES;
				IPHONEOS_DEPLOYMENT_TARGET = 15.4;
				MTL_ENABLE_DEBUG_INFO = INCLUDE_SOURCE;
				MTL_FAST_MATH = YES;
				ONLY_ACTIVE_ARCH = YES;
				SDKROOT = iphoneos;
				SWIFT_ACTIVE_COMPILATION_CONDITIONS = DEBUG;
				SWIFT_OPTIMIZATION_LEVEL = "-Onone";
			};
			name = Debug;
		};
		B5B98D95290C226C0090AC35 /* Release */ = {
			isa = XCBuildConfiguration;
			buildSettings = {
				ALWAYS_SEARCH_USER_PATHS = NO;
				CLANG_ANALYZER_NONNULL = YES;
				CLANG_ANALYZER_NUMBER_OBJECT_CONVERSION = YES_AGGRESSIVE;
				CLANG_CXX_LANGUAGE_STANDARD = "gnu++17";
				CLANG_ENABLE_MODULES = YES;
				CLANG_ENABLE_OBJC_ARC = YES;
				CLANG_ENABLE_OBJC_WEAK = YES;
				CLANG_WARN_BLOCK_CAPTURE_AUTORELEASING = YES;
				CLANG_WARN_BOOL_CONVERSION = YES;
				CLANG_WARN_COMMA = YES;
				CLANG_WARN_CONSTANT_CONVERSION = YES;
				CLANG_WARN_DEPRECATED_OBJC_IMPLEMENTATIONS = YES;
				CLANG_WARN_DIRECT_OBJC_ISA_USAGE = YES_ERROR;
				CLANG_WARN_DOCUMENTATION_COMMENTS = YES;
				CLANG_WARN_EMPTY_BODY = YES;
				CLANG_WARN_ENUM_CONVERSION = YES;
				CLANG_WARN_INFINITE_RECURSION = YES;
				CLANG_WARN_INT_CONVERSION = YES;
				CLANG_WARN_NON_LITERAL_NULL_CONVERSION = YES;
				CLANG_WARN_OBJC_IMPLICIT_RETAIN_SELF = YES;
				CLANG_WARN_OBJC_LITERAL_CONVERSION = YES;
				CLANG_WARN_OBJC_ROOT_CLASS = YES_ERROR;
				CLANG_WARN_QUOTED_INCLUDE_IN_FRAMEWORK_HEADER = YES;
				CLANG_WARN_RANGE_LOOP_ANALYSIS = YES;
				CLANG_WARN_STRICT_PROTOTYPES = YES;
				CLANG_WARN_SUSPICIOUS_MOVE = YES;
				CLANG_WARN_UNGUARDED_AVAILABILITY = YES_AGGRESSIVE;
				CLANG_WARN_UNREACHABLE_CODE = YES;
				CLANG_WARN__DUPLICATE_METHOD_MATCH = YES;
				COPY_PHASE_STRIP = NO;
				DEBUG_INFORMATION_FORMAT = "dwarf-with-dsym";
				ENABLE_NS_ASSERTIONS = NO;
				ENABLE_STRICT_OBJC_MSGSEND = YES;
				GCC_C_LANGUAGE_STANDARD = gnu11;
				GCC_NO_COMMON_BLOCKS = YES;
				GCC_WARN_64_TO_32_BIT_CONVERSION = YES;
				GCC_WARN_ABOUT_RETURN_TYPE = YES_ERROR;
				GCC_WARN_UNDECLARED_SELECTOR = YES;
				GCC_WARN_UNINITIALIZED_AUTOS = YES_AGGRESSIVE;
				GCC_WARN_UNUSED_FUNCTION = YES;
				GCC_WARN_UNUSED_VARIABLE = YES;
				IPHONEOS_DEPLOYMENT_TARGET = 15.4;
				MTL_ENABLE_DEBUG_INFO = NO;
				MTL_FAST_MATH = YES;
				SDKROOT = iphoneos;
				SWIFT_COMPILATION_MODE = wholemodule;
				SWIFT_OPTIMIZATION_LEVEL = "-O";
				VALIDATE_PRODUCT = YES;
			};
			name = Release;
		};
		B5B98D97290C226C0090AC35 /* Debug */ = {
			isa = XCBuildConfiguration;
			buildSettings = {
				ASSETCATALOG_COMPILER_APPICON_NAME = AppIcon;
				ASSETCATALOG_COMPILER_GLOBAL_ACCENT_COLOR_NAME = AccentColor;
				CODE_SIGN_STYLE = Automatic;
				CURRENT_PROJECT_VERSION = 1;
				DEVELOPMENT_TEAM = V352R4M2J4;
				GENERATE_INFOPLIST_FILE = YES;
				INFOPLIST_FILE = DedaPizza/Info.plist;
				INFOPLIST_KEY_UIApplicationSupportsIndirectInputEvents = YES;
				INFOPLIST_KEY_UILaunchStoryboardName = LaunchScreen;
				INFOPLIST_KEY_UISupportedInterfaceOrientations_iPad = "UIInterfaceOrientationPortrait UIInterfaceOrientationPortraitUpsideDown UIInterfaceOrientationLandscapeLeft UIInterfaceOrientationLandscapeRight";
				INFOPLIST_KEY_UISupportedInterfaceOrientations_iPhone = "UIInterfaceOrientationPortrait UIInterfaceOrientationLandscapeLeft UIInterfaceOrientationLandscapeRight";
				LD_RUNPATH_SEARCH_PATHS = (
					"$(inherited)",
					"@executable_path/Frameworks",
				);
				MARKETING_VERSION = 1.0;
				PRODUCT_BUNDLE_IDENTIFIER = pavel.DedaPizza;
				PRODUCT_NAME = "$(TARGET_NAME)";
				SWIFT_EMIT_LOC_STRINGS = YES;
				SWIFT_VERSION = 5.0;
				TARGETED_DEVICE_FAMILY = "1,2";
			};
			name = Debug;
		};
		B5B98D98290C226C0090AC35 /* Release */ = {
			isa = XCBuildConfiguration;
			buildSettings = {
				ASSETCATALOG_COMPILER_APPICON_NAME = AppIcon;
				ASSETCATALOG_COMPILER_GLOBAL_ACCENT_COLOR_NAME = AccentColor;
				CODE_SIGN_STYLE = Automatic;
				CURRENT_PROJECT_VERSION = 1;
				DEVELOPMENT_TEAM = V352R4M2J4;
				GENERATE_INFOPLIST_FILE = YES;
				INFOPLIST_FILE = DedaPizza/Info.plist;
				INFOPLIST_KEY_UIApplicationSupportsIndirectInputEvents = YES;
				INFOPLIST_KEY_UILaunchStoryboardName = LaunchScreen;
				INFOPLIST_KEY_UISupportedInterfaceOrientations_iPad = "UIInterfaceOrientationPortrait UIInterfaceOrientationPortraitUpsideDown UIInterfaceOrientationLandscapeLeft UIInterfaceOrientationLandscapeRight";
				INFOPLIST_KEY_UISupportedInterfaceOrientations_iPhone = "UIInterfaceOrientationPortrait UIInterfaceOrientationLandscapeLeft UIInterfaceOrientationLandscapeRight";
				LD_RUNPATH_SEARCH_PATHS = (
					"$(inherited)",
					"@executable_path/Frameworks",
				);
				MARKETING_VERSION = 1.0;
				PRODUCT_BUNDLE_IDENTIFIER = pavel.DedaPizza;
				PRODUCT_NAME = "$(TARGET_NAME)";
				SWIFT_EMIT_LOC_STRINGS = YES;
				SWIFT_VERSION = 5.0;
				TARGETED_DEVICE_FAMILY = "1,2";
			};
			name = Release;
		};
/* End XCBuildConfiguration section */

/* Begin XCConfigurationList section */
		B5B98D7D290C226B0090AC35 /* Build configuration list for PBXProject "DedaPizza" */ = {
			isa = XCConfigurationList;
			buildConfigurations = (
				B5B98D94290C226C0090AC35 /* Debug */,
				B5B98D95290C226C0090AC35 /* Release */,
			);
			defaultConfigurationIsVisible = 0;
			defaultConfigurationName = Release;
		};
		B5B98D96290C226C0090AC35 /* Build configuration list for PBXNativeTarget "DedaPizza" */ = {
			isa = XCConfigurationList;
			buildConfigurations = (
				B5B98D97290C226C0090AC35 /* Debug */,
				B5B98D98290C226C0090AC35 /* Release */,
			);
			defaultConfigurationIsVisible = 0;
			defaultConfigurationName = Release;
		};
/* End XCConfigurationList section */
	};
	rootObject = B5B98D7A290C226B0090AC35 /* Project object */;
}
