// !$*UTF8*$!
{
	archiveVersion = 1;
	classes = {
	};
	objectVersion = 55;
	objects = {

/* Begin PBXBuildFile section */
		B56F5150290E7D6A00449C6C /* CollectionViewCell.swift in Sources */ = {isa = PBXBuildFile; fileRef = B56F514F290E7D6A00449C6C /* CollectionViewCell.swift */; };
		B5B98D86290C226B0090AC35 /* AppDelegate.swift in Sources */ = {isa = PBXBuildFile; fileRef = B5B98D85290C226B0090AC35 /* AppDelegate.swift */; };
		B5B98D88290C226B0090AC35 /* SceneDelegate.swift in Sources */ = {isa = PBXBuildFile; fileRef = B5B98D87290C226B0090AC35 /* SceneDelegate.swift */; };
		B5B98D8F290C226C0090AC35 /* Assets.xcassets in Resources */ = {isa = PBXBuildFile; fileRef = B5B98D8E290C226C0090AC35 /* Assets.xcassets */; };
		B5B98D92290C226C0090AC35 /* LaunchScreen.storyboard in Resources */ = {isa = PBXBuildFile; fileRef = B5B98D90290C226C0090AC35 /* LaunchScreen.storyboard */; };
		B5B98D9B290C24090090AC35 /* MainTabBarViewController.swift in Sources */ = {isa = PBXBuildFile; fileRef = B5B98D9A290C24090090AC35 /* MainTabBarViewController.swift */; };
		B5B98D9D290C24AE0090AC35 /* AboutViewController.swift in Sources */ = {isa = PBXBuildFile; fileRef = B5B98D9C290C24AE0090AC35 /* AboutViewController.swift */; };
		B5B98D9F290C24BA0090AC35 /* PromoViewController.swift in Sources */ = {isa = PBXBuildFile; fileRef = B5B98D9E290C24BA0090AC35 /* PromoViewController.swift */; };
		B5B98DA1290C24C40090AC35 /* HomeViewController.swift in Sources */ = {isa = PBXBuildFile; fileRef = B5B98DA0290C24C40090AC35 /* HomeViewController.swift */; };
		B5B98DA3290C24CB0090AC35 /* CartViewController.swift in Sources */ = {isa = PBXBuildFile; fileRef = B5B98DA2290C24CB0090AC35 /* CartViewController.swift */; };
		B5B98DA8290C37030090AC35 /* ProductCollectionViewCell.swift in Sources */ = {isa = PBXBuildFile; fileRef = B5B98DA7290C37030090AC35 /* ProductCollectionViewCell.swift */; };
		B5D859C8293B499A00D89DD2 /* UITextField+Publisher.swift in Sources */ = {isa = PBXBuildFile; fileRef = B5D859B7293B499A00D89DD2 /* UITextField+Publisher.swift */; };
		B5D859CB293B499A00D89DD2 /* Validator.swift in Sources */ = {isa = PBXBuildFile; fileRef = B5D859BC293B499A00D89DD2 /* Validator.swift */; };
		B5D859CC293B499A00D89DD2 /* CustomTextField.swift in Sources */ = {isa = PBXBuildFile; fileRef = B5D859BE293B499A00D89DD2 /* CustomTextField.swift */; };
		B5D859CD293B499A00D89DD2 /* LoginViewModel.swift in Sources */ = {isa = PBXBuildFile; fileRef = B5D859C0293B499A00D89DD2 /* LoginViewModel.swift */; };
		B5D859CE293B499A00D89DD2 /* RegistrationView.swift in Sources */ = {isa = PBXBuildFile; fileRef = B5D859C1293B499A00D89DD2 /* RegistrationView.swift */; };
		B5D859CF293B499A00D89DD2 /* LoginView.swift in Sources */ = {isa = PBXBuildFile; fileRef = B5D859C2293B499A00D89DD2 /* LoginView.swift */; };
		B5D859D0293B499A00D89DD2 /* LoginViewController.swift in Sources */ = {isa = PBXBuildFile; fileRef = B5D859C3293B499A00D89DD2 /* LoginViewController.swift */; };
		B5D85A17293B4B5B00D89DD2 /* ProfileView.swift in Sources */ = {isa = PBXBuildFile; fileRef = B5D859DA293B4B5A00D89DD2 /* ProfileView.swift */; };
		B5D85A18293B4B5B00D89DD2 /* ProfileViewController.swift in Sources */ = {isa = PBXBuildFile; fileRef = B5D859DB293B4B5A00D89DD2 /* ProfileViewController.swift */; };
		B5D85A19293B4B5B00D89DD2 /* ProfileViewModel.swift in Sources */ = {isa = PBXBuildFile; fileRef = B5D859DC293B4B5A00D89DD2 /* ProfileViewModel.swift */; };
		B5D85A1B293B4B5B00D89DD2 /* SettingsTableViewCell.swift in Sources */ = {isa = PBXBuildFile; fileRef = B5D859DF293B4B5B00D89DD2 /* SettingsTableViewCell.swift */; };
		B5D85A1C293B4B5B00D89DD2 /* NotificationViewController.swift in Sources */ = {isa = PBXBuildFile; fileRef = B5D859E3293B4B5B00D89DD2 /* NotificationViewController.swift */; };
		B5D85A1D293B4B5B00D89DD2 /* NotificationCollectionViewCell.swift in Sources */ = {isa = PBXBuildFile; fileRef = B5D859E5293B4B5B00D89DD2 /* NotificationCollectionViewCell.swift */; };
		B5D85A1E293B4B5B00D89DD2 /* PaymentCollectionViewCell.swift in Sources */ = {isa = PBXBuildFile; fileRef = B5D859E8293B4B5B00D89DD2 /* PaymentCollectionViewCell.swift */; };
		B5D85A1F293B4B5B00D89DD2 /* PaymentViewController.swift in Sources */ = {isa = PBXBuildFile; fileRef = B5D859E9293B4B5B00D89DD2 /* PaymentViewController.swift */; };
		B5D85A20293B4B5B00D89DD2 /* FavoriteViewController.swift in Sources */ = {isa = PBXBuildFile; fileRef = B5D859EB293B4B5B00D89DD2 /* FavoriteViewController.swift */; };
		B5D85A21293B4B5B00D89DD2 /* FavoriteCollectionViewCell.swift in Sources */ = {isa = PBXBuildFile; fileRef = B5D859ED293B4B5B00D89DD2 /* FavoriteCollectionViewCell.swift */; };
		B5D85A22293B4B5B00D89DD2 /* AccountSettingsViewController.swift in Sources */ = {isa = PBXBuildFile; fileRef = B5D859EF293B4B5B00D89DD2 /* AccountSettingsViewController.swift */; };
		B5D85A23293B4B5B00D89DD2 /* HistoryViewController.swift in Sources */ = {isa = PBXBuildFile; fileRef = B5D859F2293B4B5B00D89DD2 /* HistoryViewController.swift */; };
		B5D85A24293B4B5B00D89DD2 /* HistoryCollectionViewCell.swift in Sources */ = {isa = PBXBuildFile; fileRef = B5D859F4293B4B5B00D89DD2 /* HistoryCollectionViewCell.swift */; };
		B5D85A25293B4B5B00D89DD2 /* AdressViewController.swift in Sources */ = {isa = PBXBuildFile; fileRef = B5D859F7293B4B5B00D89DD2 /* AdressViewController.swift */; };
		B5D85A44293B52D100D89DD2 /* AboutView.swift in Sources */ = {isa = PBXBuildFile; fileRef = B5D85A43293B52D100D89DD2 /* AboutView.swift */; };
		B5D85A47293B536F00D89DD2 /* AboutViewModel.swift in Sources */ = {isa = PBXBuildFile; fileRef = B5D85A46293B536F00D89DD2 /* AboutViewModel.swift */; };
		B5D85A4A293B928A00D89DD2 /* AboutTableViewCell.swift in Sources */ = {isa = PBXBuildFile; fileRef = B5D85A49293B928A00D89DD2 /* AboutTableViewCell.swift */; };
		B5D85A53293B93B100D89DD2 /* ConditionViewController.swift in Sources */ = {isa = PBXBuildFile; fileRef = B5D85A52293B93B100D89DD2 /* ConditionViewController.swift */; };
		B5D85A55293B93C400D89DD2 /* RestorantsViewController.swift in Sources */ = {isa = PBXBuildFile; fileRef = B5D85A54293B93C400D89DD2 /* RestorantsViewController.swift */; };
		B5D85A57293B93CF00D89DD2 /* ContactViewController.swift in Sources */ = {isa = PBXBuildFile; fileRef = B5D85A56293B93CF00D89DD2 /* ContactViewController.swift */; };
		B5D85A59293B93DB00D89DD2 /* AboutAppViewController.swift in Sources */ = {isa = PBXBuildFile; fileRef = B5D85A58293B93DB00D89DD2 /* AboutAppViewController.swift */; };
		B5D85A5B293B9C0100D89DD2 /* ConditionCollectionViewCell.swift in Sources */ = {isa = PBXBuildFile; fileRef = B5D85A5A293B9C0100D89DD2 /* ConditionCollectionViewCell.swift */; };
		B5D85A5F293BB3CE00D89DD2 /* ProductItemViewController.swift in Sources */ = {isa = PBXBuildFile; fileRef = B5D85A5E293BB3CE00D89DD2 /* ProductItemViewController.swift */; };
/* End PBXBuildFile section */

/* Begin PBXFileReference section */
		B56F514F290E7D6A00449C6C /* CollectionViewCell.swift */ = {isa = PBXFileReference; lastKnownFileType = sourcecode.swift; path = CollectionViewCell.swift; sourceTree = "<group>"; };
		B5B98D82290C226B0090AC35 /* DedaPizza.app */ = {isa = PBXFileReference; explicitFileType = wrapper.application; includeInIndex = 0; path = DedaPizza.app; sourceTree = BUILT_PRODUCTS_DIR; };
		B5B98D85290C226B0090AC35 /* AppDelegate.swift */ = {isa = PBXFileReference; lastKnownFileType = sourcecode.swift; path = AppDelegate.swift; sourceTree = "<group>"; };
		B5B98D87290C226B0090AC35 /* SceneDelegate.swift */ = {isa = PBXFileReference; lastKnownFileType = sourcecode.swift; path = SceneDelegate.swift; sourceTree = "<group>"; };
		B5B98D8E290C226C0090AC35 /* Assets.xcassets */ = {isa = PBXFileReference; lastKnownFileType = folder.assetcatalog; path = Assets.xcassets; sourceTree = "<group>"; };
		B5B98D91290C226C0090AC35 /* Base */ = {isa = PBXFileReference; lastKnownFileType = file.storyboard; name = Base; path = Base.lproj/LaunchScreen.storyboard; sourceTree = "<group>"; };
		B5B98D93290C226C0090AC35 /* Info.plist */ = {isa = PBXFileReference; lastKnownFileType = text.plist.xml; path = Info.plist; sourceTree = "<group>"; };
		B5B98D9A290C24090090AC35 /* MainTabBarViewController.swift */ = {isa = PBXFileReference; lastKnownFileType = sourcecode.swift; path = MainTabBarViewController.swift; sourceTree = "<group>"; };
		B5B98D9C290C24AE0090AC35 /* AboutViewController.swift */ = {isa = PBXFileReference; lastKnownFileType = sourcecode.swift; path = AboutViewController.swift; sourceTree = "<group>"; };
		B5B98D9E290C24BA0090AC35 /* PromoViewController.swift */ = {isa = PBXFileReference; lastKnownFileType = sourcecode.swift; path = PromoViewController.swift; sourceTree = "<group>"; };
		B5B98DA0290C24C40090AC35 /* HomeViewController.swift */ = {isa = PBXFileReference; lastKnownFileType = sourcecode.swift; path = HomeViewController.swift; sourceTree = "<group>"; };
		B5B98DA2290C24CB0090AC35 /* CartViewController.swift */ = {isa = PBXFileReference; lastKnownFileType = sourcecode.swift; path = CartViewController.swift; sourceTree = "<group>"; };
		B5B98DA7290C37030090AC35 /* ProductCollectionViewCell.swift */ = {isa = PBXFileReference; lastKnownFileType = sourcecode.swift; path = ProductCollectionViewCell.swift; sourceTree = "<group>"; };
		B5D859B7293B499A00D89DD2 /* UITextField+Publisher.swift */ = {isa = PBXFileReference; fileEncoding = 4; lastKnownFileType = sourcecode.swift; path = "UITextField+Publisher.swift"; sourceTree = "<group>"; };
		B5D859BC293B499A00D89DD2 /* Validator.swift */ = {isa = PBXFileReference; fileEncoding = 4; lastKnownFileType = sourcecode.swift; path = Validator.swift; sourceTree = "<group>"; };
		B5D859BE293B499A00D89DD2 /* CustomTextField.swift */ = {isa = PBXFileReference; fileEncoding = 4; lastKnownFileType = sourcecode.swift; path = CustomTextField.swift; sourceTree = "<group>"; };
		B5D859C0293B499A00D89DD2 /* LoginViewModel.swift */ = {isa = PBXFileReference; fileEncoding = 4; lastKnownFileType = sourcecode.swift; path = LoginViewModel.swift; sourceTree = "<group>"; };
		B5D859C1293B499A00D89DD2 /* RegistrationView.swift */ = {isa = PBXFileReference; fileEncoding = 4; lastKnownFileType = sourcecode.swift; path = RegistrationView.swift; sourceTree = "<group>"; };
		B5D859C2293B499A00D89DD2 /* LoginView.swift */ = {isa = PBXFileReference; fileEncoding = 4; lastKnownFileType = sourcecode.swift; path = LoginView.swift; sourceTree = "<group>"; };
		B5D859C3293B499A00D89DD2 /* LoginViewController.swift */ = {isa = PBXFileReference; fileEncoding = 4; lastKnownFileType = sourcecode.swift; path = LoginViewController.swift; sourceTree = "<group>"; };
		B5D859DA293B4B5A00D89DD2 /* ProfileView.swift */ = {isa = PBXFileReference; fileEncoding = 4; lastKnownFileType = sourcecode.swift; path = ProfileView.swift; sourceTree = "<group>"; };
		B5D859DB293B4B5A00D89DD2 /* ProfileViewController.swift */ = {isa = PBXFileReference; fileEncoding = 4; lastKnownFileType = sourcecode.swift; path = ProfileViewController.swift; sourceTree = "<group>"; };
		B5D859DC293B4B5A00D89DD2 /* ProfileViewModel.swift */ = {isa = PBXFileReference; fileEncoding = 4; lastKnownFileType = sourcecode.swift; path = ProfileViewModel.swift; sourceTree = "<group>"; };
		B5D859DF293B4B5B00D89DD2 /* SettingsTableViewCell.swift */ = {isa = PBXFileReference; fileEncoding = 4; lastKnownFileType = sourcecode.swift; path = SettingsTableViewCell.swift; sourceTree = "<group>"; };
		B5D859E3293B4B5B00D89DD2 /* NotificationViewController.swift */ = {isa = PBXFileReference; fileEncoding = 4; lastKnownFileType = sourcecode.swift; path = NotificationViewController.swift; sourceTree = "<group>"; };
		B5D859E5293B4B5B00D89DD2 /* NotificationCollectionViewCell.swift */ = {isa = PBXFileReference; fileEncoding = 4; lastKnownFileType = sourcecode.swift; path = NotificationCollectionViewCell.swift; sourceTree = "<group>"; };
		B5D859E8293B4B5B00D89DD2 /* PaymentCollectionViewCell.swift */ = {isa = PBXFileReference; fileEncoding = 4; lastKnownFileType = sourcecode.swift; path = PaymentCollectionViewCell.swift; sourceTree = "<group>"; };
		B5D859E9293B4B5B00D89DD2 /* PaymentViewController.swift */ = {isa = PBXFileReference; fileEncoding = 4; lastKnownFileType = sourcecode.swift; path = PaymentViewController.swift; sourceTree = "<group>"; };
		B5D859EB293B4B5B00D89DD2 /* FavoriteViewController.swift */ = {isa = PBXFileReference; fileEncoding = 4; lastKnownFileType = sourcecode.swift; path = FavoriteViewController.swift; sourceTree = "<group>"; };
		B5D859ED293B4B5B00D89DD2 /* FavoriteCollectionViewCell.swift */ = {isa = PBXFileReference; fileEncoding = 4; lastKnownFileType = sourcecode.swift; path = FavoriteCollectionViewCell.swift; sourceTree = "<group>"; };
		B5D859EF293B4B5B00D89DD2 /* AccountSettingsViewController.swift */ = {isa = PBXFileReference; fileEncoding = 4; lastKnownFileType = sourcecode.swift; path = AccountSettingsViewController.swift; sourceTree = "<group>"; };
		B5D859F2293B4B5B00D89DD2 /* HistoryViewController.swift */ = {isa = PBXFileReference; fileEncoding = 4; lastKnownFileType = sourcecode.swift; path = HistoryViewController.swift; sourceTree = "<group>"; };
		B5D859F4293B4B5B00D89DD2 /* HistoryCollectionViewCell.swift */ = {isa = PBXFileReference; fileEncoding = 4; lastKnownFileType = sourcecode.swift; path = HistoryCollectionViewCell.swift; sourceTree = "<group>"; };
		B5D859F7293B4B5B00D89DD2 /* AdressViewController.swift */ = {isa = PBXFileReference; fileEncoding = 4; lastKnownFileType = sourcecode.swift; path = AdressViewController.swift; sourceTree = "<group>"; };
		B5D85A43293B52D100D89DD2 /* AboutView.swift */ = {isa = PBXFileReference; lastKnownFileType = sourcecode.swift; path = AboutView.swift; sourceTree = "<group>"; };
		B5D85A46293B536F00D89DD2 /* AboutViewModel.swift */ = {isa = PBXFileReference; lastKnownFileType = sourcecode.swift; path = AboutViewModel.swift; sourceTree = "<group>"; };
		B5D85A49293B928A00D89DD2 /* AboutTableViewCell.swift */ = {isa = PBXFileReference; lastKnownFileType = sourcecode.swift; path = AboutTableViewCell.swift; sourceTree = "<group>"; };
		B5D85A52293B93B100D89DD2 /* ConditionViewController.swift */ = {isa = PBXFileReference; lastKnownFileType = sourcecode.swift; path = ConditionViewController.swift; sourceTree = "<group>"; };
		B5D85A54293B93C400D89DD2 /* RestorantsViewController.swift */ = {isa = PBXFileReference; lastKnownFileType = sourcecode.swift; path = RestorantsViewController.swift; sourceTree = "<group>"; };
		B5D85A56293B93CF00D89DD2 /* ContactViewController.swift */ = {isa = PBXFileReference; lastKnownFileType = sourcecode.swift; path = ContactViewController.swift; sourceTree = "<group>"; };
		B5D85A58293B93DB00D89DD2 /* AboutAppViewController.swift */ = {isa = PBXFileReference; lastKnownFileType = sourcecode.swift; path = AboutAppViewController.swift; sourceTree = "<group>"; };
		B5D85A5A293B9C0100D89DD2 /* ConditionCollectionViewCell.swift */ = {isa = PBXFileReference; lastKnownFileType = sourcecode.swift; path = ConditionCollectionViewCell.swift; sourceTree = "<group>"; };
		B5D85A5E293BB3CE00D89DD2 /* ProductItemViewController.swift */ = {isa = PBXFileReference; lastKnownFileType = sourcecode.swift; path = ProductItemViewController.swift; sourceTree = "<group>"; };
/* End PBXFileReference section */

/* Begin PBXFrameworksBuildPhase section */
		B5B98D7F290C226B0090AC35 /* Frameworks */ = {
			isa = PBXFrameworksBuildPhase;
			buildActionMask = 2147483647;
			files = (
			);
			runOnlyForDeploymentPostprocessing = 0;
		};
/* End PBXFrameworksBuildPhase section */

/* Begin PBXGroup section */
		B5B60A2B290E4B5700852368 /* Resoureses */ = {
			isa = PBXGroup;
			children = (
				B5B98D8E290C226C0090AC35 /* Assets.xcassets */,
			);
			path = Resoureses;
			sourceTree = "<group>";
		};
		B5B98D79290C226B0090AC35 = {
			isa = PBXGroup;
			children = (
				B5B98D84290C226B0090AC35 /* DedaPizza */,
				B5B98D83290C226B0090AC35 /* Products */,
			);
			sourceTree = "<group>";
		};
		B5B98D83290C226B0090AC35 /* Products */ = {
			isa = PBXGroup;
			children = (
				B5B98D82290C226B0090AC35 /* DedaPizza.app */,
			);
			name = Products;
			sourceTree = "<group>";
		};
		B5B98D84290C226B0090AC35 /* DedaPizza */ = {
			isa = PBXGroup;
			children = (
				B5D859D1293B4A1800D89DD2 /* App */,
				B5D859B6293B499A00D89DD2 /* Extension */,
				B5D859BB293B499A00D89DD2 /* Helpers */,
				B5D859BD293B499A00D89DD2 /* Subclasses */,
				B5B98D99290C23D30090AC35 /* Core */,
				B5B60A2B290E4B5700852368 /* Resoureses */,
				B5B98D93290C226C0090AC35 /* Info.plist */,
			);
			path = DedaPizza;
			sourceTree = "<group>";
		};
		B5B98D99290C23D30090AC35 /* Core */ = {
			isa = PBXGroup;
			children = (
				B5D85A41293B4F0B00D89DD2 /* TabBar */,
				B5D859D5293B4AA600D89DD2 /* HomeTab */,
				B5D859D6293B4AB300D89DD2 /* PromoTab */,
				B5D859D8293B4AC300D89DD2 /* CartTab */,
				B5D85A34293B4BFC00D89DD2 /* ProfileTab */,
				B5D859D7293B4AB900D89DD2 /* AboutTab */,
			);
			path = Core;
			sourceTree = "<group>";
		};
		B5D859B6293B499A00D89DD2 /* Extension */ = {
			isa = PBXGroup;
			children = (
				B5D859B7293B499A00D89DD2 /* UITextField+Publisher.swift */,
			);
			path = Extension;
			sourceTree = "<group>";
		};
		B5D859BB293B499A00D89DD2 /* Helpers */ = {
			isa = PBXGroup;
			children = (
				B5D859BC293B499A00D89DD2 /* Validator.swift */,
			);
			path = Helpers;
			sourceTree = "<group>";
		};
		B5D859BD293B499A00D89DD2 /* Subclasses */ = {
			isa = PBXGroup;
			children = (
				B5D859BE293B499A00D89DD2 /* CustomTextField.swift */,
			);
			path = Subclasses;
			sourceTree = "<group>";
		};
		B5D859BF293B499A00D89DD2 /* Login */ = {
			isa = PBXGroup;
			children = (
				B5D859D2293B4A5400D89DD2 /* Views */,
				B5D859D4293B4A5F00D89DD2 /* Controller */,
				B5D859D3293B4A5800D89DD2 /* ViewModel */,
			);
			path = Login;
			sourceTree = "<group>";
		};
		B5D859D1293B4A1800D89DD2 /* App */ = {
			isa = PBXGroup;
			children = (
				B5B98D85290C226B0090AC35 /* AppDelegate.swift */,
				B5B98D87290C226B0090AC35 /* SceneDelegate.swift */,
				B5B98D90290C226C0090AC35 /* LaunchScreen.storyboard */,
			);
			path = App;
			sourceTree = "<group>";
		};
		B5D859D2293B4A5400D89DD2 /* Views */ = {
			isa = PBXGroup;
			children = (
				B5D859C1293B499A00D89DD2 /* RegistrationView.swift */,
				B5D859C2293B499A00D89DD2 /* LoginView.swift */,
			);
			path = Views;
			sourceTree = "<group>";
		};
		B5D859D3293B4A5800D89DD2 /* ViewModel */ = {
			isa = PBXGroup;
			children = (
				B5D859C0293B499A00D89DD2 /* LoginViewModel.swift */,
			);
			path = ViewModel;
			sourceTree = "<group>";
		};
		B5D859D4293B4A5F00D89DD2 /* Controller */ = {
			isa = PBXGroup;
			children = (
				B5D859C3293B499A00D89DD2 /* LoginViewController.swift */,
			);
			path = Controller;
			sourceTree = "<group>";
		};
		B5D859D5293B4AA600D89DD2 /* HomeTab */ = {
			isa = PBXGroup;
			children = (
				B5D85A37293B4CC900D89DD2 /* Controller */,
				B5D85A36293B4CC300D89DD2 /* Cell */,
			);
			path = HomeTab;
			sourceTree = "<group>";
		};
		B5D859D6293B4AB300D89DD2 /* PromoTab */ = {
			isa = PBXGroup;
			children = (
				B5D85A38293B4CCD00D89DD2 /* Controller */,
				B5D85A35293B4CBE00D89DD2 /* Cell */,
			);
			path = PromoTab;
			sourceTree = "<group>";
		};
		B5D859D7293B4AB900D89DD2 /* AboutTab */ = {
			isa = PBXGroup;
			children = (
				B5D85A4C293B931A00D89DD2 /* About */,
				B5D85A4D293B932A00D89DD2 /* AboutItemView */,
			);
			path = AboutTab;
			sourceTree = "<group>";
		};
		B5D859D8293B4AC300D89DD2 /* CartTab */ = {
			isa = PBXGroup;
			children = (
				B5D85A42293B4F1A00D89DD2 /* Controller */,
			);
			path = CartTab;
			sourceTree = "<group>";
		};
		B5D859D9293B4B5A00D89DD2 /* Main */ = {
			isa = PBXGroup;
			children = (
				B5D859DE293B4B5B00D89DD2 /* Cell */,
				B5D85A3A293B4CEF00D89DD2 /* View */,
				B5D85A3B293B4CF300D89DD2 /* Controller */,
				B5D85A3C293B4CF800D89DD2 /* ViewModel */,
			);
			path = Main;
			sourceTree = "<group>";
		};
		B5D859DE293B4B5B00D89DD2 /* Cell */ = {
			isa = PBXGroup;
			children = (
				B5D859DF293B4B5B00D89DD2 /* SettingsTableViewCell.swift */,
			);
			path = Cell;
			sourceTree = "<group>";
		};
		B5D859E0293B4B5B00D89DD2 /* ProfileSettingsItemView */ = {
			isa = PBXGroup;
			children = (
				B5D859E1293B4B5B00D89DD2 /* Notification */,
				B5D859F0293B4B5B00D89DD2 /* History */,
				B5D859F5293B4B5B00D89DD2 /* Adress */,
				B5D859E6293B4B5B00D89DD2 /* Payment */,
				B5D859EA293B4B5B00D89DD2 /* Favorite */,
				B5D859EE293B4B5B00D89DD2 /* AccountSettings */,
			);
			path = ProfileSettingsItemView;
			sourceTree = "<group>";
		};
		B5D859E1293B4B5B00D89DD2 /* Notification */ = {
			isa = PBXGroup;
			children = (
				B5D859E2293B4B5B00D89DD2 /* Controller */,
				B5D859E4293B4B5B00D89DD2 /* Cell */,
			);
			path = Notification;
			sourceTree = "<group>";
		};
		B5D859E2293B4B5B00D89DD2 /* Controller */ = {
			isa = PBXGroup;
			children = (
				B5D859E3293B4B5B00D89DD2 /* NotificationViewController.swift */,
			);
			path = Controller;
			sourceTree = "<group>";
		};
		B5D859E4293B4B5B00D89DD2 /* Cell */ = {
			isa = PBXGroup;
			children = (
				B5D859E5293B4B5B00D89DD2 /* NotificationCollectionViewCell.swift */,
			);
			path = Cell;
			sourceTree = "<group>";
		};
		B5D859E6293B4B5B00D89DD2 /* Payment */ = {
			isa = PBXGroup;
			children = (
				B5D859E7293B4B5B00D89DD2 /* Cell */,
				B5D85A3E293B4E7900D89DD2 /* Controller */,
			);
			path = Payment;
			sourceTree = "<group>";
		};
		B5D859E7293B4B5B00D89DD2 /* Cell */ = {
			isa = PBXGroup;
			children = (
				B5D859E8293B4B5B00D89DD2 /* PaymentCollectionViewCell.swift */,
			);
			path = Cell;
			sourceTree = "<group>";
		};
		B5D859EA293B4B5B00D89DD2 /* Favorite */ = {
			isa = PBXGroup;
			children = (
				B5D85A3D293B4E4C00D89DD2 /* Controller */,
				B5D859EC293B4B5B00D89DD2 /* Cell */,
			);
			path = Favorite;
			sourceTree = "<group>";
		};
		B5D859EC293B4B5B00D89DD2 /* Cell */ = {
			isa = PBXGroup;
			children = (
				B5D859ED293B4B5B00D89DD2 /* FavoriteCollectionViewCell.swift */,
			);
			path = Cell;
			sourceTree = "<group>";
		};
		B5D859EE293B4B5B00D89DD2 /* AccountSettings */ = {
			isa = PBXGroup;
			children = (
				B5D85A3F293B4E7F00D89DD2 /* Controller */,
			);
			path = AccountSettings;
			sourceTree = "<group>";
		};
		B5D859F0293B4B5B00D89DD2 /* History */ = {
			isa = PBXGroup;
			children = (
				B5D859F1293B4B5B00D89DD2 /* Controller */,
				B5D859F3293B4B5B00D89DD2 /* Cell */,
			);
			path = History;
			sourceTree = "<group>";
		};
		B5D859F1293B4B5B00D89DD2 /* Controller */ = {
			isa = PBXGroup;
			children = (
				B5D859F2293B4B5B00D89DD2 /* HistoryViewController.swift */,
			);
			path = Controller;
			sourceTree = "<group>";
		};
		B5D859F3293B4B5B00D89DD2 /* Cell */ = {
			isa = PBXGroup;
			children = (
				B5D859F4293B4B5B00D89DD2 /* HistoryCollectionViewCell.swift */,
			);
			path = Cell;
			sourceTree = "<group>";
		};
		B5D859F5293B4B5B00D89DD2 /* Adress */ = {
			isa = PBXGroup;
			children = (
				B5D859F6293B4B5B00D89DD2 /* Controller */,
			);
			path = Adress;
			sourceTree = "<group>";
		};
		B5D859F6293B4B5B00D89DD2 /* Controller */ = {
			isa = PBXGroup;
			children = (
				B5D859F7293B4B5B00D89DD2 /* AdressViewController.swift */,
			);
			path = Controller;
			sourceTree = "<group>";
		};
		B5D85A34293B4BFC00D89DD2 /* ProfileTab */ = {
			isa = PBXGroup;
			children = (
				B5D859BF293B499A00D89DD2 /* Login */,
				B5D85A40293B4ED400D89DD2 /* Profile */,
			);
			path = ProfileTab;
			sourceTree = "<group>";
		};
		B5D85A35293B4CBE00D89DD2 /* Cell */ = {
			isa = PBXGroup;
			children = (
				B5B98D9E290C24BA0090AC35 /* PromoViewController.swift */,
			);
			path = Cell;
			sourceTree = "<group>";
		};
		B5D85A36293B4CC300D89DD2 /* Cell */ = {
			isa = PBXGroup;
			children = (
				B5B98DA7290C37030090AC35 /* ProductCollectionViewCell.swift */,
			);
			path = Cell;
			sourceTree = "<group>";
		};
		B5D85A37293B4CC900D89DD2 /* Controller */ = {
			isa = PBXGroup;
			children = (
				B5B98DA0290C24C40090AC35 /* HomeViewController.swift */,
				B5D85A5E293BB3CE00D89DD2 /* ProductItemViewController.swift */,
			);
			path = Controller;
			sourceTree = "<group>";
		};
		B5D85A38293B4CCD00D89DD2 /* Controller */ = {
			isa = PBXGroup;
			children = (
				B56F514F290E7D6A00449C6C /* CollectionViewCell.swift */,
			);
			path = Controller;
			sourceTree = "<group>";
		};
		B5D85A39293B4CD400D89DD2 /* Controller */ = {
			isa = PBXGroup;
			children = (
				B5B98D9C290C24AE0090AC35 /* AboutViewController.swift */,
			);
			path = Controller;
			sourceTree = "<group>";
		};
		B5D85A3A293B4CEF00D89DD2 /* View */ = {
			isa = PBXGroup;
			children = (
				B5D859DA293B4B5A00D89DD2 /* ProfileView.swift */,
			);
			path = View;
			sourceTree = "<group>";
		};
		B5D85A3B293B4CF300D89DD2 /* Controller */ = {
			isa = PBXGroup;
			children = (
				B5D859DB293B4B5A00D89DD2 /* ProfileViewController.swift */,
			);
			path = Controller;
			sourceTree = "<group>";
		};
		B5D85A3C293B4CF800D89DD2 /* ViewModel */ = {
			isa = PBXGroup;
			children = (
				B5D859DC293B4B5A00D89DD2 /* ProfileViewModel.swift */,
			);
			path = ViewModel;
			sourceTree = "<group>";
		};
		B5D85A3D293B4E4C00D89DD2 /* Controller */ = {
			isa = PBXGroup;
			children = (
				B5D859EB293B4B5B00D89DD2 /* FavoriteViewController.swift */,
			);
			path = Controller;
			sourceTree = "<group>";
		};
		B5D85A3E293B4E7900D89DD2 /* Controller */ = {
			isa = PBXGroup;
			children = (
				B5D859E9293B4B5B00D89DD2 /* PaymentViewController.swift */,
			);
			path = Controller;
			sourceTree = "<group>";
		};
		B5D85A3F293B4E7F00D89DD2 /* Controller */ = {
			isa = PBXGroup;
			children = (
				B5D859EF293B4B5B00D89DD2 /* AccountSettingsViewController.swift */,
			);
			path = Controller;
			sourceTree = "<group>";
		};
		B5D85A40293B4ED400D89DD2 /* Profile */ = {
			isa = PBXGroup;
			children = (
				B5D859D9293B4B5A00D89DD2 /* Main */,
				B5D859E0293B4B5B00D89DD2 /* ProfileSettingsItemView */,
			);
			path = Profile;
			sourceTree = "<group>";
		};
		B5D85A41293B4F0B00D89DD2 /* TabBar */ = {
			isa = PBXGroup;
			children = (
				B5B98D9A290C24090090AC35 /* MainTabBarViewController.swift */,
			);
			path = TabBar;
			sourceTree = "<group>";
		};
		B5D85A42293B4F1A00D89DD2 /* Controller */ = {
			isa = PBXGroup;
			children = (
				B5B98DA2290C24CB0090AC35 /* CartViewController.swift */,
			);
			path = Controller;
			sourceTree = "<group>";
		};
		B5D85A45293B52D400D89DD2 /* View */ = {
			isa = PBXGroup;
			children = (
				B5D85A43293B52D100D89DD2 /* AboutView.swift */,
			);
			path = View;
			sourceTree = "<group>";
		};
		B5D85A48293B537800D89DD2 /* ViewModel */ = {
			isa = PBXGroup;
			children = (
				B5D85A46293B536F00D89DD2 /* AboutViewModel.swift */,
			);
			path = ViewModel;
			sourceTree = "<group>";
		};
		B5D85A4B293B928F00D89DD2 /* Cell */ = {
			isa = PBXGroup;
			children = (
				B5D85A49293B928A00D89DD2 /* AboutTableViewCell.swift */,
			);
			path = Cell;
			sourceTree = "<group>";
		};
		B5D85A4C293B931A00D89DD2 /* About */ = {
			isa = PBXGroup;
			children = (
				B5D85A4B293B928F00D89DD2 /* Cell */,
				B5D85A45293B52D400D89DD2 /* View */,
				B5D85A39293B4CD400D89DD2 /* Controller */,
				B5D85A48293B537800D89DD2 /* ViewModel */,
			);
			path = About;
			sourceTree = "<group>";
		};
		B5D85A4D293B932A00D89DD2 /* AboutItemView */ = {
			isa = PBXGroup;
			children = (
				B5D85A51293B936900D89DD2 /* Condition */,
				B5D85A50293B936600D89DD2 /* Restorants */,
				B5D85A4F293B936400D89DD2 /* Contact */,
				B5D85A4E293B936200D89DD2 /* AboutApp */,
			);
			path = AboutItemView;
			sourceTree = "<group>";
		};
		B5D85A4E293B936200D89DD2 /* AboutApp */ = {
			isa = PBXGroup;
			children = (
				B5D85A58293B93DB00D89DD2 /* AboutAppViewController.swift */,
			);
			path = AboutApp;
			sourceTree = "<group>";
		};
		B5D85A4F293B936400D89DD2 /* Contact */ = {
			isa = PBXGroup;
			children = (
				B5D85A56293B93CF00D89DD2 /* ContactViewController.swift */,
			);
			path = Contact;
			sourceTree = "<group>";
		};
		B5D85A50293B936600D89DD2 /* Restorants */ = {
			isa = PBXGroup;
			children = (
				B5D85A54293B93C400D89DD2 /* RestorantsViewController.swift */,
			);
			path = Restorants;
			sourceTree = "<group>";
		};
		B5D85A51293B936900D89DD2 /* Condition */ = {
			isa = PBXGroup;
			children = (
				B5D85A5D293B9C0A00D89DD2 /* Controller */,
				B5D85A5C293B9C0400D89DD2 /* Cell */,
			);
			path = Condition;
			sourceTree = "<group>";
		};
		B5D85A5C293B9C0400D89DD2 /* Cell */ = {
			isa = PBXGroup;
			children = (
				B5D85A5A293B9C0100D89DD2 /* ConditionCollectionViewCell.swift */,
			);
			path = Cell;
			sourceTree = "<group>";
		};
		B5D85A5D293B9C0A00D89DD2 /* Controller */ = {
			isa = PBXGroup;
			children = (
				B5D85A52293B93B100D89DD2 /* ConditionViewController.swift */,
			);
			path = Controller;
			sourceTree = "<group>";
		};
/* End PBXGroup section */

/* Begin PBXNativeTarget section */
		B5B98D81290C226B0090AC35 /* DedaPizza */ = {
			isa = PBXNativeTarget;
			buildConfigurationList = B5B98D96290C226C0090AC35 /* Build configuration list for PBXNativeTarget "DedaPizza" */;
			buildPhases = (
				B5B98D7E290C226B0090AC35 /* Sources */,
				B5B98D7F290C226B0090AC35 /* Frameworks */,
				B5B98D80290C226B0090AC35 /* Resources */,
			);
			buildRules = (
			);
			dependencies = (
			);
			name = DedaPizza;
			productName = DedaPizza;
			productReference = B5B98D82290C226B0090AC35 /* DedaPizza.app */;
			productType = "com.apple.product-type.application";
		};
/* End PBXNativeTarget section */

/* Begin PBXProject section */
		B5B98D7A290C226B0090AC35 /* Project object */ = {
			isa = PBXProject;
			attributes = {
				BuildIndependentTargetsInParallel = 1;
				LastSwiftUpdateCheck = 1330;
				LastUpgradeCheck = 1330;
				TargetAttributes = {
					B5B98D81290C226B0090AC35 = {
						CreatedOnToolsVersion = 13.3;
					};
				};
			};
			buildConfigurationList = B5B98D7D290C226B0090AC35 /* Build configuration list for PBXProject "DedaPizza" */;
			compatibilityVersion = "Xcode 13.0";
			developmentRegion = en;
			hasScannedForEncodings = 0;
			knownRegions = (
				en,
				Base,
			);
			mainGroup = B5B98D79290C226B0090AC35;
			productRefGroup = B5B98D83290C226B0090AC35 /* Products */;
			projectDirPath = "";
			projectRoot = "";
			targets = (
				B5B98D81290C226B0090AC35 /* DedaPizza */,
			);
		};
/* End PBXProject section */

/* Begin PBXResourcesBuildPhase section */
		B5B98D80290C226B0090AC35 /* Resources */ = {
			isa = PBXResourcesBuildPhase;
			buildActionMask = 2147483647;
			files = (
				B5B98D92290C226C0090AC35 /* LaunchScreen.storyboard in Resources */,
				B5B98D8F290C226C0090AC35 /* Assets.xcassets in Resources */,
			);
			runOnlyForDeploymentPostprocessing = 0;
		};
/* End PBXResourcesBuildPhase section */

/* Begin PBXSourcesBuildPhase section */
		B5B98D7E290C226B0090AC35 /* Sources */ = {
			isa = PBXSourcesBuildPhase;
			buildActionMask = 2147483647;
			files = (
				B5D85A21293B4B5B00D89DD2 /* FavoriteCollectionViewCell.swift in Sources */,
				B5D85A44293B52D100D89DD2 /* AboutView.swift in Sources */,
				B5D859CC293B499A00D89DD2 /* CustomTextField.swift in Sources */,
				B5D85A24293B4B5B00D89DD2 /* HistoryCollectionViewCell.swift in Sources */,
				B5D85A5B293B9C0100D89DD2 /* ConditionCollectionViewCell.swift in Sources */,
				B5D85A1D293B4B5B00D89DD2 /* NotificationCollectionViewCell.swift in Sources */,
				B5D85A57293B93CF00D89DD2 /* ContactViewController.swift in Sources */,
				B5D85A19293B4B5B00D89DD2 /* ProfileViewModel.swift in Sources */,
				B5B98D9B290C24090090AC35 /* MainTabBarViewController.swift in Sources */,
				B5B98D9F290C24BA0090AC35 /* PromoViewController.swift in Sources */,
				B5B98D86290C226B0090AC35 /* AppDelegate.swift in Sources */,
				B5D85A25293B4B5B00D89DD2 /* AdressViewController.swift in Sources */,
				B56F5150290E7D6A00449C6C /* CollectionViewCell.swift in Sources */,
				B5D859CB293B499A00D89DD2 /* Validator.swift in Sources */,
				B5D85A59293B93DB00D89DD2 /* AboutAppViewController.swift in Sources */,
				B5D85A18293B4B5B00D89DD2 /* ProfileViewController.swift in Sources */,
				B5D859CD293B499A00D89DD2 /* LoginViewModel.swift in Sources */,
				B5D85A22293B4B5B00D89DD2 /* AccountSettingsViewController.swift in Sources */,
				B5B98DA3290C24CB0090AC35 /* CartViewController.swift in Sources */,
				B5D859C8293B499A00D89DD2 /* UITextField+Publisher.swift in Sources */,
				B5D85A17293B4B5B00D89DD2 /* ProfileView.swift in Sources */,
				B5D85A1E293B4B5B00D89DD2 /* PaymentCollectionViewCell.swift in Sources */,
				B5D85A20293B4B5B00D89DD2 /* FavoriteViewController.swift in Sources */,
				B5D85A55293B93C400D89DD2 /* RestorantsViewController.swift in Sources */,
				B5D85A53293B93B100D89DD2 /* ConditionViewController.swift in Sources */,
				B5D859CE293B499A00D89DD2 /* RegistrationView.swift in Sources */,
				B5B98D88290C226B0090AC35 /* SceneDelegate.swift in Sources */,
				B5D85A5F293BB3CE00D89DD2 /* ProductItemViewController.swift in Sources */,
				B5D85A47293B536F00D89DD2 /* AboutViewModel.swift in Sources */,
				B5D85A23293B4B5B00D89DD2 /* HistoryViewController.swift in Sources */,
				B5B98DA1290C24C40090AC35 /* HomeViewController.swift in Sources */,
				B5D859D0293B499A00D89DD2 /* LoginViewController.swift in Sources */,
				B5B98DA8290C37030090AC35 /* ProductCollectionViewCell.swift in Sources */,
				B5D85A1F293B4B5B00D89DD2 /* PaymentViewController.swift in Sources */,
				B5D85A4A293B928A00D89DD2 /* AboutTableViewCell.swift in Sources */,
				B5D85A1C293B4B5B00D89DD2 /* NotificationViewController.swift in Sources */,
				B5D859CF293B499A00D89DD2 /* LoginView.swift in Sources */,
				B5D85A1B293B4B5B00D89DD2 /* SettingsTableViewCell.swift in Sources */,
				B5B98D9D290C24AE0090AC35 /* AboutViewController.swift in Sources */,
			);
			runOnlyForDeploymentPostprocessing = 0;
		};
/* End PBXSourcesBuildPhase section */

/* Begin PBXVariantGroup section */
		B5B98D90290C226C0090AC35 /* LaunchScreen.storyboard */ = {
			isa = PBXVariantGroup;
			children = (
				B5B98D91290C226C0090AC35 /* Base */,
			);
			name = LaunchScreen.storyboard;
			sourceTree = "<group>";
		};
/* End PBXVariantGroup section */

/* Begin XCBuildConfiguration section */
		B5B98D94290C226C0090AC35 /* Debug */ = {
			isa = XCBuildConfiguration;
			buildSettings = {
				ALWAYS_SEARCH_USER_PATHS = NO;
				CLANG_ANALYZER_NONNULL = YES;
				CLANG_ANALYZER_NUMBER_OBJECT_CONVERSION = YES_AGGRESSIVE;
				CLANG_CXX_LANGUAGE_STANDARD = "gnu++17";
				CLANG_ENABLE_MODULES = YES;
				CLANG_ENABLE_OBJC_ARC = YES;
				CLANG_ENABLE_OBJC_WEAK = YES;
				CLANG_WARN_BLOCK_CAPTURE_AUTORELEASING = YES;
				CLANG_WARN_BOOL_CONVERSION = YES;
				CLANG_WARN_COMMA = YES;
				CLANG_WARN_CONSTANT_CONVERSION = YES;
				CLANG_WARN_DEPRECATED_OBJC_IMPLEMENTATIONS = YES;
				CLANG_WARN_DIRECT_OBJC_ISA_USAGE = YES_ERROR;
				CLANG_WARN_DOCUMENTATION_COMMENTS = YES;
				CLANG_WARN_EMPTY_BODY = YES;
				CLANG_WARN_ENUM_CONVERSION = YES;
				CLANG_WARN_INFINITE_RECURSION = YES;
				CLANG_WARN_INT_CONVERSION = YES;
				CLANG_WARN_NON_LITERAL_NULL_CONVERSION = YES;
				CLANG_WARN_OBJC_IMPLICIT_RETAIN_SELF = YES;
				CLANG_WARN_OBJC_LITERAL_CONVERSION = YES;
				CLANG_WARN_OBJC_ROOT_CLASS = YES_ERROR;
				CLANG_WARN_QUOTED_INCLUDE_IN_FRAMEWORK_HEADER = YES;
				CLANG_WARN_RANGE_LOOP_ANALYSIS = YES;
				CLANG_WARN_STRICT_PROTOTYPES = YES;
				CLANG_WARN_SUSPICIOUS_MOVE = YES;
				CLANG_WARN_UNGUARDED_AVAILABILITY = YES_AGGRESSIVE;
				CLANG_WARN_UNREACHABLE_CODE = YES;
				CLANG_WARN__DUPLICATE_METHOD_MATCH = YES;
				COPY_PHASE_STRIP = NO;
				DEBUG_INFORMATION_FORMAT = dwarf;
				ENABLE_STRICT_OBJC_MSGSEND = YES;
				ENABLE_TESTABILITY = YES;
				GCC_C_LANGUAGE_STANDARD = gnu11;
				GCC_DYNAMIC_NO_PIC = NO;
				GCC_NO_COMMON_BLOCKS = YES;
				GCC_OPTIMIZATION_LEVEL = 0;
				GCC_PREPROCESSOR_DEFINITIONS = (
					"DEBUG=1",
					"$(inherited)",
				);
				GCC_WARN_64_TO_32_BIT_CONVERSION = YES;
				GCC_WARN_ABOUT_RETURN_TYPE = YES_ERROR;
				GCC_WARN_UNDECLARED_SELECTOR = YES;
				GCC_WARN_UNINITIALIZED_AUTOS = YES_AGGRESSIVE;
				GCC_WARN_UNUSED_FUNCTION = YES;
				GCC_WARN_UNUSED_VARIABLE = YES;
				IPHONEOS_DEPLOYMENT_TARGET = 15.4;
				MTL_ENABLE_DEBUG_INFO = INCLUDE_SOURCE;
				MTL_FAST_MATH = YES;
				ONLY_ACTIVE_ARCH = YES;
				SDKROOT = iphoneos;
				SWIFT_ACTIVE_COMPILATION_CONDITIONS = DEBUG;
				SWIFT_OPTIMIZATION_LEVEL = "-Onone";
			};
			name = Debug;
		};
		B5B98D95290C226C0090AC35 /* Release */ = {
			isa = XCBuildConfiguration;
			buildSettings = {
				ALWAYS_SEARCH_USER_PATHS = NO;
				CLANG_ANALYZER_NONNULL = YES;
				CLANG_ANALYZER_NUMBER_OBJECT_CONVERSION = YES_AGGRESSIVE;
				CLANG_CXX_LANGUAGE_STANDARD = "gnu++17";
				CLANG_ENABLE_MODULES = YES;
				CLANG_ENABLE_OBJC_ARC = YES;
				CLANG_ENABLE_OBJC_WEAK = YES;
				CLANG_WARN_BLOCK_CAPTURE_AUTORELEASING = YES;
				CLANG_WARN_BOOL_CONVERSION = YES;
				CLANG_WARN_COMMA = YES;
				CLANG_WARN_CONSTANT_CONVERSION = YES;
				CLANG_WARN_DEPRECATED_OBJC_IMPLEMENTATIONS = YES;
				CLANG_WARN_DIRECT_OBJC_ISA_USAGE = YES_ERROR;
				CLANG_WARN_DOCUMENTATION_COMMENTS = YES;
				CLANG_WARN_EMPTY_BODY = YES;
				CLANG_WARN_ENUM_CONVERSION = YES;
				CLANG_WARN_INFINITE_RECURSION = YES;
				CLANG_WARN_INT_CONVERSION = YES;
				CLANG_WARN_NON_LITERAL_NULL_CONVERSION = YES;
				CLANG_WARN_OBJC_IMPLICIT_RETAIN_SELF = YES;
				CLANG_WARN_OBJC_LITERAL_CONVERSION = YES;
				CLANG_WARN_OBJC_ROOT_CLASS = YES_ERROR;
				CLANG_WARN_QUOTED_INCLUDE_IN_FRAMEWORK_HEADER = YES;
				CLANG_WARN_RANGE_LOOP_ANALYSIS = YES;
				CLANG_WARN_STRICT_PROTOTYPES = YES;
				CLANG_WARN_SUSPICIOUS_MOVE = YES;
				CLANG_WARN_UNGUARDED_AVAILABILITY = YES_AGGRESSIVE;
				CLANG_WARN_UNREACHABLE_CODE = YES;
				CLANG_WARN__DUPLICATE_METHOD_MATCH = YES;
				COPY_PHASE_STRIP = NO;
				DEBUG_INFORMATION_FORMAT = "dwarf-with-dsym";
				ENABLE_NS_ASSERTIONS = NO;
				ENABLE_STRICT_OBJC_MSGSEND = YES;
				GCC_C_LANGUAGE_STANDARD = gnu11;
				GCC_NO_COMMON_BLOCKS = YES;
				GCC_WARN_64_TO_32_BIT_CONVERSION = YES;
				GCC_WARN_ABOUT_RETURN_TYPE = YES_ERROR;
				GCC_WARN_UNDECLARED_SELECTOR = YES;
				GCC_WARN_UNINITIALIZED_AUTOS = YES_AGGRESSIVE;
				GCC_WARN_UNUSED_FUNCTION = YES;
				GCC_WARN_UNUSED_VARIABLE = YES;
				IPHONEOS_DEPLOYMENT_TARGET = 15.4;
				MTL_ENABLE_DEBUG_INFO = NO;
				MTL_FAST_MATH = YES;
				SDKROOT = iphoneos;
				SWIFT_COMPILATION_MODE = wholemodule;
				SWIFT_OPTIMIZATION_LEVEL = "-O";
				VALIDATE_PRODUCT = YES;
			};
			name = Release;
		};
		B5B98D97290C226C0090AC35 /* Debug */ = {
			isa = XCBuildConfiguration;
			buildSettings = {
				ASSETCATALOG_COMPILER_APPICON_NAME = AppIcon;
				ASSETCATALOG_COMPILER_GLOBAL_ACCENT_COLOR_NAME = AccentColor;
				CODE_SIGN_STYLE = Automatic;
				CURRENT_PROJECT_VERSION = 1;
				DEVELOPMENT_TEAM = V352R4M2J4;
				GENERATE_INFOPLIST_FILE = YES;
				INFOPLIST_FILE = DedaPizza/Info.plist;
				INFOPLIST_KEY_UIApplicationSupportsIndirectInputEvents = YES;
				INFOPLIST_KEY_UILaunchStoryboardName = LaunchScreen;
				INFOPLIST_KEY_UISupportedInterfaceOrientations_iPad = "UIInterfaceOrientationPortrait UIInterfaceOrientationPortraitUpsideDown UIInterfaceOrientationLandscapeLeft UIInterfaceOrientationLandscapeRight";
				INFOPLIST_KEY_UISupportedInterfaceOrientations_iPhone = "UIInterfaceOrientationPortrait UIInterfaceOrientationLandscapeLeft UIInterfaceOrientationLandscapeRight";
				LD_RUNPATH_SEARCH_PATHS = (
					"$(inherited)",
					"@executable_path/Frameworks",
				);
				MARKETING_VERSION = 1.0;
				PRODUCT_BUNDLE_IDENTIFIER = pavel.DedaPizza;
				PRODUCT_NAME = "$(TARGET_NAME)";
				SWIFT_EMIT_LOC_STRINGS = YES;
				SWIFT_VERSION = 5.0;
				TARGETED_DEVICE_FAMILY = "1,2";
			};
			name = Debug;
		};
		B5B98D98290C226C0090AC35 /* Release */ = {
			isa = XCBuildConfiguration;
			buildSettings = {
				ASSETCATALOG_COMPILER_APPICON_NAME = AppIcon;
				ASSETCATALOG_COMPILER_GLOBAL_ACCENT_COLOR_NAME = AccentColor;
				CODE_SIGN_STYLE = Automatic;
				CURRENT_PROJECT_VERSION = 1;
				DEVELOPMENT_TEAM = V352R4M2J4;
				GENERATE_INFOPLIST_FILE = YES;
				INFOPLIST_FILE = DedaPizza/Info.plist;
				INFOPLIST_KEY_UIApplicationSupportsIndirectInputEvents = YES;
				INFOPLIST_KEY_UILaunchStoryboardName = LaunchScreen;
				INFOPLIST_KEY_UISupportedInterfaceOrientations_iPad = "UIInterfaceOrientationPortrait UIInterfaceOrientationPortraitUpsideDown UIInterfaceOrientationLandscapeLeft UIInterfaceOrientationLandscapeRight";
				INFOPLIST_KEY_UISupportedInterfaceOrientations_iPhone = "UIInterfaceOrientationPortrait UIInterfaceOrientationLandscapeLeft UIInterfaceOrientationLandscapeRight";
				LD_RUNPATH_SEARCH_PATHS = (
					"$(inherited)",
					"@executable_path/Frameworks",
				);
				MARKETING_VERSION = 1.0;
				PRODUCT_BUNDLE_IDENTIFIER = pavel.DedaPizza;
				PRODUCT_NAME = "$(TARGET_NAME)";
				SWIFT_EMIT_LOC_STRINGS = YES;
				SWIFT_VERSION = 5.0;
				TARGETED_DEVICE_FAMILY = "1,2";
			};
			name = Release;
		};
/* End XCBuildConfiguration section */

/* Begin XCConfigurationList section */
		B5B98D7D290C226B0090AC35 /* Build configuration list for PBXProject "DedaPizza" */ = {
			isa = XCConfigurationList;
			buildConfigurations = (
				B5B98D94290C226C0090AC35 /* Debug */,
				B5B98D95290C226C0090AC35 /* Release */,
			);
			defaultConfigurationIsVisible = 0;
			defaultConfigurationName = Release;
		};
		B5B98D96290C226C0090AC35 /* Build configuration list for PBXNativeTarget "DedaPizza" */ = {
			isa = XCConfigurationList;
			buildConfigurations = (
				B5B98D97290C226C0090AC35 /* Debug */,
				B5B98D98290C226C0090AC35 /* Release */,
			);
			defaultConfigurationIsVisible = 0;
			defaultConfigurationName = Release;
		};
/* End XCConfigurationList section */
	};
	rootObject = B5B98D7A290C226B0090AC35 /* Project object */;
}
